<?xml version="1.0" encoding="utf-8"?>
<Project ToolsVersion="4.0" xmlns="http://schemas.microsoft.com/developer/msbuild/2003">
  <ItemGroup>
    <Filter Include="98.SuperClass">
      <UniqueIdentifier>{db9bdc41-c20f-4ff7-a4ce-3d4a36abbd62}</UniqueIdentifier>
    </Filter>
    <Filter Include="99.Defines">
      <UniqueIdentifier>{edae9fc9-d973-47a8-9c0d-b5f682223fd8}</UniqueIdentifier>
    </Filter>
    <Filter Include="00.System">
      <UniqueIdentifier>{d09cb53f-abfd-4295-9fbf-89a0d24ddcd6}</UniqueIdentifier>
    </Filter>
    <Filter Include="00.System\00.Timers">
      <UniqueIdentifier>{7ebb44b3-cd8c-4bcb-a93f-08844b82e67e}</UniqueIdentifier>
    </Filter>
    <Filter Include="00.System\00.Timers\Manager">
      <UniqueIdentifier>{3917e199-5ef6-478c-b6a0-79c1d8a498d7}</UniqueIdentifier>
    </Filter>
    <Filter Include="01.Utility">
      <UniqueIdentifier>{f6befb61-66ec-46d8-b4ca-1411569ab9e8}</UniqueIdentifier>
    </Filter>
    <Filter Include="00.System\01.Device">
      <UniqueIdentifier>{5b0de652-9690-40f7-b7eb-7263785cba6e}</UniqueIdentifier>
    </Filter>
    <Filter Include="00.System\01.Device\Graphic">
      <UniqueIdentifier>{023bdc89-2fab-4d0a-ba6b-f34039aa661d}</UniqueIdentifier>
    </Filter>
    <Filter Include="00.System\01.Device\Input">
      <UniqueIdentifier>{1c6cebdb-711a-42c3-ba1a-53c7b9b393af}</UniqueIdentifier>
    </Filter>
    <Filter Include="00.System\01.Device\Sound">
      <UniqueIdentifier>{c76d5840-5439-4cf2-a02d-daf5118e832d}</UniqueIdentifier>
    </Filter>
    <Filter Include="01.Utility\00.Engine">
      <UniqueIdentifier>{0033eb6a-28f0-4ada-b6b6-a00393bd1cc1}</UniqueIdentifier>
    </Filter>
    <Filter Include="01.Utility\01.Scene">
      <UniqueIdentifier>{fcf9e04f-24aa-4705-b8e8-8e4ed98c9e61}</UniqueIdentifier>
    </Filter>
    <Filter Include="01.Utility\01.Scene\SceneSerializer">
      <UniqueIdentifier>{ba0187be-30ae-4099-9084-148d11960797}</UniqueIdentifier>
    </Filter>
    <Filter Include="01.Utility\01.Scene\Manager">
      <UniqueIdentifier>{46d0ab9a-95b4-4b58-911e-6255c93a7771}</UniqueIdentifier>
    </Filter>
    <Filter Include="01.Utility\02.GameObject">
      <UniqueIdentifier>{383200ac-16ad-4b30-b537-4ec56721cf5d}</UniqueIdentifier>
    </Filter>
    <Filter Include="01.Utility\02.GameObject\Manager">
      <UniqueIdentifier>{2d77ba4d-7ff7-4f97-a677-d46c947b6a3c}</UniqueIdentifier>
    </Filter>
    <Filter Include="01.Utility\02.GameObject\Manager\Layer">
      <UniqueIdentifier>{2e85e0ba-bda9-40b9-a3cf-3dacdc975b24}</UniqueIdentifier>
    </Filter>
    <Filter Include="01.Utility\03.Components">
      <UniqueIdentifier>{95cb760b-4fcc-482f-916e-da621757770f}</UniqueIdentifier>
    </Filter>
    <Filter Include="01.Utility\03.Components\Manager">
      <UniqueIdentifier>{b6d16ade-ce09-4650-9d8c-81a28091aeb1}</UniqueIdentifier>
    </Filter>
    <Filter Include="01.Utility\03.Components\Renderer">
      <UniqueIdentifier>{ab1bd81c-4e1c-4ff0-b8fb-753af0ec19a1}</UniqueIdentifier>
    </Filter>
    <Filter Include="01.Utility\03.Components\Transform">
      <UniqueIdentifier>{bf850393-b2dd-45f6-a5b4-33c8e64a5007}</UniqueIdentifier>
    </Filter>
    <Filter Include="Others">
      <UniqueIdentifier>{590b45dd-08e2-47fd-b811-502ba5b3d273}</UniqueIdentifier>
    </Filter>
    <Filter Include="Others\Lines">
      <UniqueIdentifier>{a4d74e7c-eb26-4425-aef5-e76acf746fea}</UniqueIdentifier>
    </Filter>
    <Filter Include="Others\Lines\DebugSphere">
      <UniqueIdentifier>{a261b405-49cf-4a23-9fb8-f645bcb629cd}</UniqueIdentifier>
    </Filter>
    <Filter Include="Others\Lines\DebugBox">
      <UniqueIdentifier>{2baf0ec6-1258-4666-a234-0e2de9e25b9a}</UniqueIdentifier>
    </Filter>
    <Filter Include="Others\Lines\DebugCapsule">
      <UniqueIdentifier>{619e51fe-4301-4d58-a4d6-3b9be5bdae90}</UniqueIdentifier>
    </Filter>
    <Filter Include="Others\PhysX">
      <UniqueIdentifier>{063bb5a0-c15e-4bc9-8bfe-0b5f41511834}</UniqueIdentifier>
    </Filter>
    <Filter Include="Others\Shader">
      <UniqueIdentifier>{efa66a33-7616-4ff7-96c6-d109a7e392f8}</UniqueIdentifier>
    </Filter>
    <Filter Include="ImGui">
      <UniqueIdentifier>{04bb6cd2-2b6f-4dc6-ae56-e4c08fbb34ad}</UniqueIdentifier>
    </Filter>
    <Filter Include="ImGui\ImGuiWindow">
      <UniqueIdentifier>{44901f16-0a1b-4330-8c6e-c91a5bce3aa3}</UniqueIdentifier>
    </Filter>
    <Filter Include="ImGui\Manager">
      <UniqueIdentifier>{d120267c-b496-494c-a29a-5f06fa47c738}</UniqueIdentifier>
    </Filter>
  </ItemGroup>
  <ItemGroup>
    <ClInclude Include="..\public\Base.h">
      <Filter>98.SuperClass</Filter>
    </ClInclude>
    <ClInclude Include="..\public\Engine_Defines.h">
      <Filter>99.Defines</Filter>
    </ClInclude>
    <ClInclude Include="..\public\Engine_Macro.h">
      <Filter>99.Defines</Filter>
    </ClInclude>
    <ClInclude Include="..\public\Engine_Typedef.h">
      <Filter>99.Defines</Filter>
    </ClInclude>
    <ClInclude Include="..\public\Engine_Function.h">
      <Filter>99.Defines</Filter>
    </ClInclude>
    <ClInclude Include="..\public\Timer.h">
      <Filter>00.System\00.Timers</Filter>
    </ClInclude>
    <ClInclude Include="..\Public\Engine.h">
      <Filter>01.Utility\00.Engine</Filter>
    </ClInclude>
    <ClInclude Include="..\Public\TimerManager.h">
      <Filter>00.System\00.Timers\Manager</Filter>
    </ClInclude>
    <ClInclude Include="..\Public\GraphicDevice.h">
      <Filter>00.System\01.Device\Graphic</Filter>
    </ClInclude>
    <ClInclude Include="..\Public\SceneSerializer.h">
      <Filter>01.Utility\01.Scene\SceneSerializer</Filter>
    </ClInclude>
    <ClInclude Include="..\Public\Engine_Struct.h">
      <Filter>99.Defines</Filter>
    </ClInclude>
    <ClInclude Include="..\Public\SceneManager.h">
      <Filter>01.Utility\01.Scene\Manager</Filter>
    </ClInclude>
    <ClInclude Include="..\Public\Scene.h">
      <Filter>01.Utility\01.Scene</Filter>
    </ClInclude>
    <ClInclude Include="..\Public\GameObject.h">
      <Filter>01.Utility\02.GameObject</Filter>
    </ClInclude>
    <ClInclude Include="..\Public\GameObjectManager.h">
      <Filter>01.Utility\02.GameObject\Manager</Filter>
    </ClInclude>
    <ClInclude Include="..\Public\Line.h">
      <Filter>Others\Lines</Filter>
    </ClInclude>
    <ClInclude Include="..\Public\Shader.h">
      <Filter>Others\Shader</Filter>
    </ClInclude>
    <ClInclude Include="..\Public\DebugSphere.h">
      <Filter>Others\Lines\DebugSphere</Filter>
    </ClInclude>
    <ClInclude Include="..\Public\DebugBox.h">
      <Filter>Others\Lines\DebugBox</Filter>
    </ClInclude>
    <ClInclude Include="..\Public\DebugCapsule.h">
      <Filter>Others\Lines\DebugCapsule</Filter>
    </ClInclude>
    <ClInclude Include="..\Public\PxManager.h">
      <Filter>Others\PhysX</Filter>
    </ClInclude>
    <ClInclude Include="..\Public\Layer.h">
      <Filter>01.Utility\02.GameObject\Manager\Layer</Filter>
    </ClInclude>
    <ClInclude Include="..\Public\InputManager.h">
      <Filter>00.System\01.Device\Input</Filter>
    </ClInclude>
    <ClInclude Include="..\Public\Component.h">
      <Filter>01.Utility\03.Components</Filter>
    </ClInclude>
    <ClInclude Include="..\Public\ComponentManager.h">
      <Filter>01.Utility\03.Components\Manager</Filter>
    </ClInclude>
    <ClInclude Include="..\Public\Renderer.h">
      <Filter>01.Utility\03.Components\Renderer</Filter>
    </ClInclude>
    <ClInclude Include="..\Public\ImGuiWindow.h">
      <Filter>ImGui\ImGuiWindow</Filter>
    </ClInclude>
    <ClInclude Include="..\Public\ImGuiManager.h">
      <Filter>ImGui\Manager</Filter>
    </ClInclude>
    <ClInclude Include="..\..\Backends\imgui_impl_dx11.h">
      <Filter>ImGui</Filter>
    </ClInclude>
    <ClInclude Include="..\..\Backends\imgui_impl_win32.h">
      <Filter>ImGui</Filter>
    </ClInclude>
    <ClInclude Include="..\Public\Sound.h">
      <Filter>00.System\01.Device\Sound</Filter>
    </ClInclude>
  </ItemGroup>
  <ItemGroup>
    <ClCompile Include="..\private\Base.cpp">
      <Filter>98.SuperClass</Filter>
    </ClCompile>
    <ClCompile Include="..\private\Timer.cpp">
      <Filter>00.System\00.Timers</Filter>
    </ClCompile>
    <ClCompile Include="..\Private\Engine.cpp">
      <Filter>01.Utility\00.Engine</Filter>
    </ClCompile>
    <ClCompile Include="..\Private\TimerManager.cpp">
      <Filter>00.System\00.Timers\Manager</Filter>
    </ClCompile>
    <ClCompile Include="..\Private\GraphicDevice.cpp">
      <Filter>00.System\01.Device\Graphic</Filter>
    </ClCompile>
    <ClCompile Include="..\Private\SceneSerializer.cpp">
      <Filter>01.Utility\01.Scene\SceneSerializer</Filter>
    </ClCompile>
    <ClCompile Include="..\Private\SceneManager.cpp">
      <Filter>01.Utility\01.Scene\Manager</Filter>
    </ClCompile>
    <ClCompile Include="..\Private\Scene.cpp">
      <Filter>01.Utility\01.Scene</Filter>
    </ClCompile>
    <ClCompile Include="..\Private\GameObject.cpp">
      <Filter>01.Utility\02.GameObject</Filter>
    </ClCompile>
    <ClCompile Include="..\Private\GameObjectManager.cpp">
      <Filter>01.Utility\02.GameObject\Manager</Filter>
    </ClCompile>
    <ClCompile Include="..\Private\Line.cpp">
      <Filter>Others\Lines</Filter>
    </ClCompile>
    <ClCompile Include="..\Private\Shader.cpp">
      <Filter>Others\Shader</Filter>
    </ClCompile>
    <ClCompile Include="..\Private\DebugSphere.cpp">
      <Filter>Others\Lines\DebugSphere</Filter>
    </ClCompile>
    <ClCompile Include="..\Private\DebugBox.cpp">
      <Filter>Others\Lines\DebugBox</Filter>
    </ClCompile>
    <ClCompile Include="..\Private\DebugCapsule.cpp">
      <Filter>Others\Lines\DebugCapsule</Filter>
    </ClCompile>
    <ClCompile Include="..\Private\PxManager.cpp">
      <Filter>Others\PhysX</Filter>
    </ClCompile>
    <ClCompile Include="..\Private\Layer.cpp">
      <Filter>01.Utility\02.GameObject\Manager\Layer</Filter>
    </ClCompile>
    <ClCompile Include="..\Private\InputManager.cpp">
      <Filter>00.System\01.Device\Input</Filter>
    </ClCompile>
    <ClCompile Include="..\Private\Component.cpp">
      <Filter>01.Utility\03.Components</Filter>
    </ClCompile>
    <ClCompile Include="..\Private\ComponentManager.cpp">
      <Filter>01.Utility\03.Components\Manager</Filter>
    </ClCompile>
    <ClCompile Include="..\Private\Renderer.cpp">
      <Filter>01.Utility\03.Components\Renderer</Filter>
    </ClCompile>
    <ClCompile Include="..\Private\ImGuiWindow.cpp">
      <Filter>ImGui\ImGuiWindow</Filter>
    </ClCompile>
    <ClCompile Include="..\Private\ImGuiManager.cpp">
      <Filter>ImGui\Manager</Filter>
    </ClCompile>
    <ClCompile Include="..\..\Backends\imgui_impl_dx11.cpp">
      <Filter>ImGui</Filter>
    </ClCompile>
    <ClCompile Include="..\..\Backends\imgui_impl_win32.cpp">
      <Filter>ImGui</Filter>
    </ClCompile>
    <ClCompile Include="..\..\Backends\imgui_demo.cpp">
      <Filter>ImGui</Filter>
    </ClCompile>
    <ClCompile Include="..\Private\Sound.cpp">
      <Filter>00.System\01.Device\Sound</Filter>
    </ClCompile>
  </ItemGroup>
</Project>