<?xml version="1.0" encoding="utf-8"?>
<Project ToolsVersion="4.0" xmlns="http://schemas.microsoft.com/developer/msbuild/2003">
  <ItemGroup>
    <ClInclude Include="Client.h">
      <Filter>99.Default</Filter>
    </ClInclude>
    <ClInclude Include="Resource.h">
      <Filter>99.Default</Filter>
    </ClInclude>
    <ClInclude Include="stdafx.h">
      <Filter>99.Default</Filter>
    </ClInclude>
    <ClInclude Include="targetver.h">
      <Filter>99.Default</Filter>
    </ClInclude>
    <ClInclude Include="..\Public\MainApp.h">
      <Filter>00.MainApp</Filter>
    </ClInclude>
    <ClInclude Include="..\Public\Scene_Logo.h">
      <Filter>01.Scenes\Logo</Filter>
    </ClInclude>
    <ClInclude Include="..\Public\Scene_GamePlay.h">
      <Filter>01.Scenes\GamePlay</Filter>
    </ClInclude>
    <ClInclude Include="..\Public\Scene_Loading.h">
      <Filter>01.Scenes\Loading</Filter>
    </ClInclude>
    <ClInclude Include="..\Public\Loader.h">
      <Filter>01.Scenes\Loading\Loader</Filter>
    </ClInclude>
    <ClInclude Include="..\Public\Background.h">
      <Filter>02.GameObjects\Background</Filter>
    </ClInclude>
    <ClInclude Include="..\Public\Client_Defines.h">
      <Filter>98.Defines</Filter>
    </ClInclude>
    <ClInclude Include="..\..\Backends\imgui_impl_dx11.h">
      <Filter>ImGui</Filter>
    </ClInclude>
    <ClInclude Include="..\..\Backends\imgui_impl_win32.h">
      <Filter>ImGui</Filter>
    </ClInclude>
    <ClInclude Include="..\Public\Log.h">
      <Filter>ImGui\Log</Filter>
    </ClInclude>
    <ClInclude Include="..\Public\Scene_Test.h">
      <Filter>01.Scenes\Test</Filter>
    </ClInclude>
    <ClInclude Include="..\Public\Terrain.h">
      <Filter>02.GameObjects\Terrain</Filter>
    </ClInclude>
    <ClInclude Include="..\Public\Camera_Fly.h">
      <Filter>02.GameObjects\Camera</Filter>
    </ClInclude>
    <ClInclude Include="..\Public\Player.h">
      <Filter>02.GameObjects\Player</Filter>
    </ClInclude>
    <ClInclude Include="..\..\Assets\Shader\Shader_Defines.hpp">
      <Filter>FX</Filter>
    </ClInclude>
    <ClInclude Include="..\Public\Grid.h">
      <Filter>PathFinding\Grid</Filter>
    </ClInclude>
    <ClInclude Include="..\Public\Node.h">
      <Filter>PathFinding\Node</Filter>
    </ClInclude>
    <ClInclude Include="..\Public\PathFinding.h">
      <Filter>PathFinding</Filter>
    </ClInclude>
    <ClInclude Include="..\Public\EquipButtonManager.h" />
  </ItemGroup>
  <ItemGroup>
    <ClCompile Include="Client.cpp">
      <Filter>99.Default</Filter>
    </ClCompile>
    <ClCompile Include="stdafx.cpp">
      <Filter>99.Default</Filter>
    </ClCompile>
    <ClCompile Include="..\Private\MainApp.cpp">
      <Filter>00.MainApp</Filter>
    </ClCompile>
    <ClCompile Include="..\Private\Scene_Logo.cpp">
      <Filter>01.Scenes\Logo</Filter>
    </ClCompile>
    <ClCompile Include="..\Private\Scene_GamePlay.cpp">
      <Filter>01.Scenes\GamePlay</Filter>
    </ClCompile>
    <ClCompile Include="..\Private\Scene_Loading.cpp">
      <Filter>01.Scenes\Loading</Filter>
    </ClCompile>
    <ClCompile Include="..\Private\Loader.cpp">
      <Filter>01.Scenes\Loading\Loader</Filter>
    </ClCompile>
    <ClCompile Include="..\Private\Background.cpp">
      <Filter>02.GameObjects\Background</Filter>
    </ClCompile>
    <ClCompile Include="..\..\Backends\imgui_impl_dx11.cpp">
      <Filter>ImGui</Filter>
    </ClCompile>
    <ClCompile Include="..\..\Backends\imgui_impl_win32.cpp">
      <Filter>ImGui</Filter>
    </ClCompile>
    <ClCompile Include="..\..\Backends\imgui_demo.cpp">
      <Filter>ImGui</Filter>
    </ClCompile>
    <ClCompile Include="..\Private\Log.cpp">
      <Filter>ImGui\Log</Filter>
    </ClCompile>
    <ClCompile Include="..\Private\Scene_Test.cpp">
      <Filter>01.Scenes\Test</Filter>
    </ClCompile>
    <ClCompile Include="..\Private\Terrain.cpp">
      <Filter>02.GameObjects\Terrain</Filter>
    </ClCompile>
    <ClCompile Include="..\Private\Camera_Fly.cpp">
      <Filter>02.GameObjects\Camera</Filter>
    </ClCompile>
    <ClCompile Include="..\Private\Player.cpp">
      <Filter>02.GameObjects\Player</Filter>
    </ClCompile>
    <ClCompile Include="..\Private\Grid.cpp">
      <Filter>PathFinding\Grid</Filter>
    </ClCompile>
    <ClCompile Include="..\Private\Node.cpp">
      <Filter>PathFinding\Node</Filter>
    </ClCompile>
    <ClCompile Include="..\Private\PathFinding.cpp">
      <Filter>PathFinding</Filter>
    </ClCompile>
    <ClCompile Include="..\Private\EquipButtonManager.cpp" />
  </ItemGroup>
  <ItemGroup>
    <Image Include="Client.ico">
      <Filter>99.Default</Filter>
    </Image>
    <Image Include="small.ico">
      <Filter>99.Default</Filter>
    </Image>
  </ItemGroup>
  <ItemGroup>
    <Filter Include="99.Default">
      <UniqueIdentifier>{4dfc6b95-4382-4bdb-9f14-6a565e6998f5}</UniqueIdentifier>
    </Filter>
    <Filter Include="00.MainApp">
      <UniqueIdentifier>{ed1ee828-51c4-4112-88a4-7a2ca1e4e5b0}</UniqueIdentifier>
    </Filter>
    <Filter Include="98.Defines">
      <UniqueIdentifier>{10c71ab4-c4d1-4cfd-b9b9-3c3d53cca1c9}</UniqueIdentifier>
    </Filter>
    <Filter Include="01.Scenes">
      <UniqueIdentifier>{6ba7644a-db69-4942-9844-9401ea77b364}</UniqueIdentifier>
    </Filter>
    <Filter Include="01.Scenes\Logo">
      <UniqueIdentifier>{d3205a9e-843b-4fb1-9c08-ff7ae7730b4d}</UniqueIdentifier>
    </Filter>
    <Filter Include="01.Scenes\Loading">
      <UniqueIdentifier>{3ab6aea0-5ae5-4729-9196-4ca12e48b966}</UniqueIdentifier>
    </Filter>
    <Filter Include="01.Scenes\GamePlay">
      <UniqueIdentifier>{89b7a558-eac1-4c87-b978-bd6838981b97}</UniqueIdentifier>
    </Filter>
    <Filter Include="01.Scenes\Loading\Loader">
      <UniqueIdentifier>{f8c02495-847b-49b8-9d63-5979ba83a25f}</UniqueIdentifier>
    </Filter>
    <Filter Include="02.GameObjects">
      <UniqueIdentifier>{5ff2851f-39c1-4816-bd3c-252daf4aaed0}</UniqueIdentifier>
    </Filter>
    <Filter Include="02.GameObjects\Background">
      <UniqueIdentifier>{0e23e1a7-a5ff-4461-83bf-344d3a5a3ebc}</UniqueIdentifier>
    </Filter>
    <Filter Include="ImGui">
      <UniqueIdentifier>{8132b200-b6bb-4f35-8fc8-d212490cb612}</UniqueIdentifier>
    </Filter>
    <Filter Include="ImGui\Log">
      <UniqueIdentifier>{98d89a91-70fd-4522-987c-b32469311c5c}</UniqueIdentifier>
    </Filter>
    <Filter Include="01.Scenes\Test">
      <UniqueIdentifier>{4258d464-ef75-47e6-8d6b-1bae8b80a25b}</UniqueIdentifier>
    </Filter>
    <Filter Include="02.GameObjects\Terrain">
      <UniqueIdentifier>{c02996f5-caf3-4521-8d4f-9ad3146637d3}</UniqueIdentifier>
    </Filter>
    <Filter Include="02.GameObjects\Camera">
      <UniqueIdentifier>{c5074939-735e-44c2-8810-e9cf6e8b5481}</UniqueIdentifier>
    </Filter>
    <Filter Include="02.GameObjects\Player">
      <UniqueIdentifier>{df44392e-0c4f-47cf-9d47-ce3bd03fdaef}</UniqueIdentifier>
    </Filter>
    <Filter Include="FX">
      <UniqueIdentifier>{bfd9097f-0a6e-415e-9acc-d189c34c374d}</UniqueIdentifier>
    </Filter>
    <Filter Include="PathFinding">
      <UniqueIdentifier>{b8375056-5470-4f93-b684-311dc07c6ef4}</UniqueIdentifier>
    </Filter>
    <Filter Include="PathFinding\Grid">
      <UniqueIdentifier>{12593d30-3da1-4307-9d26-cf886fc50737}</UniqueIdentifier>
    </Filter>
    <Filter Include="PathFinding\Node">
      <UniqueIdentifier>{b89def4f-662e-4fe3-a8de-8777d9237882}</UniqueIdentifier>
    </Filter>
    <Filter Include="EquipButtonManager">
      <UniqueIdentifier>{f60c43d0-b6bb-4939-875a-ffc94f97533b}</UniqueIdentifier>
    </Filter>
  </ItemGroup>
  <ItemGroup>
    <ResourceCompile Include="Client.rc">
      <Filter>99.Default</Filter>
    </ResourceCompile>
  </ItemGroup>
  <ItemGroup>
    <Text Include="ReadMe.txt">
      <Filter>99.Default</Filter>
    </Text>
  </ItemGroup>
  <ItemGroup>
    <FxCompile Include="..\..\Assets\Shader\Shader_Terrain.fx">
      <Filter>FX</Filter>
    </FxCompile>
  </ItemGroup>
</Project>